// !$*UTF8*$!
{
	archiveVersion = 1;
	classes = {
	};
	objectVersion = 46;
	objects = {

/* Begin PBXBuildFile section */
		762F560F185D0B3200BEAD6F /* Foundation.framework in Frameworks */ = {isa = PBXBuildFile; fileRef = 762F560E185D0B3200BEAD6F /* Foundation.framework */; };
		762F5611185D0B3200BEAD6F /* CoreGraphics.framework in Frameworks */ = {isa = PBXBuildFile; fileRef = 762F5610185D0B3200BEAD6F /* CoreGraphics.framework */; };
		762F5613185D0B3200BEAD6F /* UIKit.framework in Frameworks */ = {isa = PBXBuildFile; fileRef = 762F5612185D0B3200BEAD6F /* UIKit.framework */; };
		762F5619185D0B3200BEAD6F /* InfoPlist.strings in Resources */ = {isa = PBXBuildFile; fileRef = 762F5617185D0B3200BEAD6F /* InfoPlist.strings */; };
		762F5627185D0B3200BEAD6F /* Images.xcassets in Resources */ = {isa = PBXBuildFile; fileRef = 762F5626185D0B3200BEAD6F /* Images.xcassets */; };
		762F562E185D0B3300BEAD6F /* XCTest.framework in Frameworks */ = {isa = PBXBuildFile; fileRef = 762F562D185D0B3300BEAD6F /* XCTest.framework */; };
		762F562F185D0B3300BEAD6F /* Foundation.framework in Frameworks */ = {isa = PBXBuildFile; fileRef = 762F560E185D0B3200BEAD6F /* Foundation.framework */; };
		762F5630185D0B3300BEAD6F /* UIKit.framework in Frameworks */ = {isa = PBXBuildFile; fileRef = 762F5612185D0B3200BEAD6F /* UIKit.framework */; };
		762F5638185D0B3300BEAD6F /* InfoPlist.strings in Resources */ = {isa = PBXBuildFile; fileRef = 762F5636185D0B3300BEAD6F /* InfoPlist.strings */; };
		762F563A185D0B3300BEAD6F /* flatbuttonTests.m in Sources */ = {isa = PBXBuildFile; fileRef = 762F5639185D0B3300BEAD6F /* flatbuttonTests.m */; };
		762F5645185D176700BEAD6F /* FlatButton.m in Sources */ = {isa = PBXBuildFile; fileRef = 762F5643185D176700BEAD6F /* FlatButton.m */; };
		765D79B419451DE9003C4894 /* AppDelegate.swift in Sources */ = {isa = PBXBuildFile; fileRef = 765D79B319451DE9003C4894 /* AppDelegate.swift */; };
		765D79B619451E0F003C4894 /* ViewController.swift in Sources */ = {isa = PBXBuildFile; fileRef = 765D79B519451E0F003C4894 /* ViewController.swift */; };
		76D066BA19452CA2005626A2 /* Main.storyboard in Resources */ = {isa = PBXBuildFile; fileRef = 762F5620185D0B3200BEAD6F /* Main.storyboard */; };
/* End PBXBuildFile section */

/* Begin PBXContainerItemProxy section */
		762F5631185D0B3300BEAD6F /* PBXContainerItemProxy */ = {
			isa = PBXContainerItemProxy;
			containerPortal = 762F5603185D0B3200BEAD6F /* Project object */;
			proxyType = 1;
			remoteGlobalIDString = 762F560A185D0B3200BEAD6F;
			remoteInfo = flatbutton;
		};
/* End PBXContainerItemProxy section */

/* Begin PBXFileReference section */
		762F560B185D0B3200BEAD6F /* flatbutton.app */ = {isa = PBXFileReference; explicitFileType = wrapper.application; includeInIndex = 0; path = flatbutton.app; sourceTree = BUILT_PRODUCTS_DIR; };
		762F560E185D0B3200BEAD6F /* Foundation.framework */ = {isa = PBXFileReference; lastKnownFileType = wrapper.framework; name = Foundation.framework; path = System/Library/Frameworks/Foundation.framework; sourceTree = SDKROOT; };
		762F5610185D0B3200BEAD6F /* CoreGraphics.framework */ = {isa = PBXFileReference; lastKnownFileType = wrapper.framework; name = CoreGraphics.framework; path = System/Library/Frameworks/CoreGraphics.framework; sourceTree = SDKROOT; };
		762F5612185D0B3200BEAD6F /* UIKit.framework */ = {isa = PBXFileReference; lastKnownFileType = wrapper.framework; name = UIKit.framework; path = System/Library/Frameworks/UIKit.framework; sourceTree = SDKROOT; };
		762F5616185D0B3200BEAD6F /* flatbutton-Info.plist */ = {isa = PBXFileReference; lastKnownFileType = text.plist.xml; path = "flatbutton-Info.plist"; sourceTree = "<group>"; };
		762F5618185D0B3200BEAD6F /* en */ = {isa = PBXFileReference; lastKnownFileType = text.plist.strings; name = en; path = en.lproj/InfoPlist.strings; sourceTree = "<group>"; };
		762F5621185D0B3200BEAD6F /* Base */ = {isa = PBXFileReference; lastKnownFileType = file.storyboard; name = Base; path = Base.lproj/Main.storyboard; sourceTree = "<group>"; };
		762F5626185D0B3200BEAD6F /* Images.xcassets */ = {isa = PBXFileReference; lastKnownFileType = folder.assetcatalog; path = Images.xcassets; sourceTree = "<group>"; };
		762F562C185D0B3300BEAD6F /* flatbuttonTests.xctest */ = {isa = PBXFileReference; explicitFileType = wrapper.cfbundle; includeInIndex = 0; path = flatbuttonTests.xctest; sourceTree = BUILT_PRODUCTS_DIR; };
		762F562D185D0B3300BEAD6F /* XCTest.framework */ = {isa = PBXFileReference; lastKnownFileType = wrapper.framework; name = XCTest.framework; path = Library/Frameworks/XCTest.framework; sourceTree = DEVELOPER_DIR; };
		762F5635185D0B3300BEAD6F /* flatbuttonTests-Info.plist */ = {isa = PBXFileReference; lastKnownFileType = text.plist.xml; path = "flatbuttonTests-Info.plist"; sourceTree = "<group>"; };
		762F5637185D0B3300BEAD6F /* en */ = {isa = PBXFileReference; lastKnownFileType = text.plist.strings; name = en; path = en.lproj/InfoPlist.strings; sourceTree = "<group>"; };
		762F5639185D0B3300BEAD6F /* flatbuttonTests.m */ = {isa = PBXFileReference; lastKnownFileType = sourcecode.c.objc; path = flatbuttonTests.m; sourceTree = "<group>"; };
		762F5643185D176700BEAD6F /* FlatButton.m */ = {isa = PBXFileReference; fileEncoding = 4; lastKnownFileType = sourcecode.c.objc; path = FlatButton.m; sourceTree = "<group>"; };
		762F5644185D176700BEAD6F /* FlatButton.h */ = {isa = PBXFileReference; fileEncoding = 4; lastKnownFileType = sourcecode.c.h; path = FlatButton.h; sourceTree = "<group>"; };
		765D79B219451DE7003C4894 /* flatbutton-Bridging-Header.h */ = {isa = PBXFileReference; lastKnownFileType = sourcecode.c.h; path = "flatbutton-Bridging-Header.h"; sourceTree = "<group>"; };
		765D79B319451DE9003C4894 /* AppDelegate.swift */ = {isa = PBXFileReference; fileEncoding = 4; lastKnownFileType = sourcecode.swift; path = AppDelegate.swift; sourceTree = "<group>"; };
		765D79B519451E0F003C4894 /* ViewController.swift */ = {isa = PBXFileReference; fileEncoding = 4; lastKnownFileType = sourcecode.swift; name = ViewController.swift; path = ../ViewController.swift; sourceTree = "<group>"; };
		76D066BB194551DC005626A2 /* MyPlayground.playground */ = {isa = PBXFileReference; lastKnownFileType = file.playground; path = MyPlayground.playground; sourceTree = "<group>"; };
/* End PBXFileReference section */

/* Begin PBXFrameworksBuildPhase section */
		762F5608185D0B3200BEAD6F /* Frameworks */ = {
			isa = PBXFrameworksBuildPhase;
			buildActionMask = 2147483647;
			files = (
				762F5611185D0B3200BEAD6F /* CoreGraphics.framework in Frameworks */,
				762F5613185D0B3200BEAD6F /* UIKit.framework in Frameworks */,
				762F560F185D0B3200BEAD6F /* Foundation.framework in Frameworks */,
			);
			runOnlyForDeploymentPostprocessing = 0;
		};
		762F5629185D0B3300BEAD6F /* Frameworks */ = {
			isa = PBXFrameworksBuildPhase;
			buildActionMask = 2147483647;
			files = (
				762F562E185D0B3300BEAD6F /* XCTest.framework in Frameworks */,
				762F5630185D0B3300BEAD6F /* UIKit.framework in Frameworks */,
				762F562F185D0B3300BEAD6F /* Foundation.framework in Frameworks */,
			);
			runOnlyForDeploymentPostprocessing = 0;
		};
/* End PBXFrameworksBuildPhase section */

/* Begin PBXGroup section */
		762F5602185D0B3200BEAD6F = {
			isa = PBXGroup;
			children = (
				762F5614185D0B3200BEAD6F /* flatbutton */,
				762F5633185D0B3300BEAD6F /* flatbuttonTests */,
				762F560D185D0B3200BEAD6F /* Frameworks */,
				762F560C185D0B3200BEAD6F /* Products */,
			);
			sourceTree = "<group>";
		};
		762F560C185D0B3200BEAD6F /* Products */ = {
			isa = PBXGroup;
			children = (
				762F560B185D0B3200BEAD6F /* flatbutton.app */,
				762F562C185D0B3300BEAD6F /* flatbuttonTests.xctest */,
			);
			name = Products;
			sourceTree = "<group>";
		};
		762F560D185D0B3200BEAD6F /* Frameworks */ = {
			isa = PBXGroup;
			children = (
				762F560E185D0B3200BEAD6F /* Foundation.framework */,
				762F5610185D0B3200BEAD6F /* CoreGraphics.framework */,
				762F5612185D0B3200BEAD6F /* UIKit.framework */,
				762F562D185D0B3300BEAD6F /* XCTest.framework */,
			);
			name = Frameworks;
			sourceTree = "<group>";
		};
		762F5614185D0B3200BEAD6F /* flatbutton */ = {
			isa = PBXGroup;
			children = (
				765D79B319451DE9003C4894 /* AppDelegate.swift */,
				765D79B519451E0F003C4894 /* ViewController.swift */,
				76D066BB194551DC005626A2 /* MyPlayground.playground */,
				762F5620185D0B3200BEAD6F /* Main.storyboard */,
				762F5643185D176700BEAD6F /* FlatButton.m */,
				762F5644185D176700BEAD6F /* FlatButton.h */,
				762F5626185D0B3200BEAD6F /* Images.xcassets */,
				762F5615185D0B3200BEAD6F /* Supporting Files */,
				765D79B219451DE7003C4894 /* flatbutton-Bridging-Header.h */,
			);
			path = flatbutton;
			sourceTree = "<group>";
		};
		762F5615185D0B3200BEAD6F /* Supporting Files */ = {
			isa = PBXGroup;
			children = (
				762F5616185D0B3200BEAD6F /* flatbutton-Info.plist */,
				762F5617185D0B3200BEAD6F /* InfoPlist.strings */,
			);
			name = "Supporting Files";
			sourceTree = "<group>";
		};
		762F5633185D0B3300BEAD6F /* flatbuttonTests */ = {
			isa = PBXGroup;
			children = (
				762F5639185D0B3300BEAD6F /* flatbuttonTests.m */,
				762F5634185D0B3300BEAD6F /* Supporting Files */,
			);
			path = flatbuttonTests;
			sourceTree = "<group>";
		};
		762F5634185D0B3300BEAD6F /* Supporting Files */ = {
			isa = PBXGroup;
			children = (
				762F5635185D0B3300BEAD6F /* flatbuttonTests-Info.plist */,
				762F5636185D0B3300BEAD6F /* InfoPlist.strings */,
			);
			name = "Supporting Files";
			sourceTree = "<group>";
		};
/* End PBXGroup section */

/* Begin PBXNativeTarget section */
		762F560A185D0B3200BEAD6F /* flatbutton */ = {
			isa = PBXNativeTarget;
			buildConfigurationList = 762F563D185D0B3300BEAD6F /* Build configuration list for PBXNativeTarget "flatbutton" */;
			buildPhases = (
				762F5607185D0B3200BEAD6F /* Sources */,
				762F5608185D0B3200BEAD6F /* Frameworks */,
				762F5609185D0B3200BEAD6F /* Resources */,
			);
			buildRules = (
			);
			dependencies = (
			);
			name = flatbutton;
			productName = flatbutton;
			productReference = 762F560B185D0B3200BEAD6F /* flatbutton.app */;
			productType = "com.apple.product-type.application";
		};
		762F562B185D0B3300BEAD6F /* flatbuttonTests */ = {
			isa = PBXNativeTarget;
			buildConfigurationList = 762F5640185D0B3300BEAD6F /* Build configuration list for PBXNativeTarget "flatbuttonTests" */;
			buildPhases = (
				762F5628185D0B3300BEAD6F /* Sources */,
				762F5629185D0B3300BEAD6F /* Frameworks */,
				762F562A185D0B3300BEAD6F /* Resources */,
			);
			buildRules = (
			);
			dependencies = (
				762F5632185D0B3300BEAD6F /* PBXTargetDependency */,
			);
			name = flatbuttonTests;
			productName = flatbuttonTests;
			productReference = 762F562C185D0B3300BEAD6F /* flatbuttonTests.xctest */;
			productType = "com.apple.product-type.bundle.unit-test";
		};
/* End PBXNativeTarget section */

/* Begin PBXProject section */
		762F5603185D0B3200BEAD6F /* Project object */ = {
			isa = PBXProject;
			attributes = {
				LastUpgradeCheck = 0600;
				ORGANIZATIONNAME = "iAchieved.it LLC";
				TargetAttributes = {
					762F562B185D0B3300BEAD6F = {
						TestTargetID = 762F560A185D0B3200BEAD6F;
					};
				};
			};
			buildConfigurationList = 762F5606185D0B3200BEAD6F /* Build configuration list for PBXProject "flatbutton" */;
			compatibilityVersion = "Xcode 3.2";
			developmentRegion = English;
			hasScannedForEncodings = 0;
			knownRegions = (
				en,
				Base,
			);
			mainGroup = 762F5602185D0B3200BEAD6F;
			productRefGroup = 762F560C185D0B3200BEAD6F /* Products */;
			projectDirPath = "";
			projectRoot = "";
			targets = (
				762F560A185D0B3200BEAD6F /* flatbutton */,
				762F562B185D0B3300BEAD6F /* flatbuttonTests */,
			);
		};
/* End PBXProject section */

/* Begin PBXResourcesBuildPhase section */
		762F5609185D0B3200BEAD6F /* Resources */ = {
			isa = PBXResourcesBuildPhase;
			buildActionMask = 2147483647;
			files = (
				76D066BA19452CA2005626A2 /* Main.storyboard in Resources */,
				762F5627185D0B3200BEAD6F /* Images.xcassets in Resources */,
				762F5619185D0B3200BEAD6F /* InfoPlist.strings in Resources */,
			);
			runOnlyForDeploymentPostprocessing = 0;
		};
		762F562A185D0B3300BEAD6F /* Resources */ = {
			isa = PBXResourcesBuildPhase;
			buildActionMask = 2147483647;
			files = (
				762F5638185D0B3300BEAD6F /* InfoPlist.strings in Resources */,
			);
			runOnlyForDeploymentPostprocessing = 0;
		};
/* End PBXResourcesBuildPhase section */

/* Begin PBXSourcesBuildPhase section */
		762F5607185D0B3200BEAD6F /* Sources */ = {
			isa = PBXSourcesBuildPhase;
			buildActionMask = 2147483647;
			files = (
				765D79B419451DE9003C4894 /* AppDelegate.swift in Sources */,
				765D79B619451E0F003C4894 /* ViewController.swift in Sources */,
				762F5645185D176700BEAD6F /* FlatButton.m in Sources */,
			);
			runOnlyForDeploymentPostprocessing = 0;
		};
		762F5628185D0B3300BEAD6F /* Sources */ = {
			isa = PBXSourcesBuildPhase;
			buildActionMask = 2147483647;
			files = (
				762F563A185D0B3300BEAD6F /* flatbuttonTests.m in Sources */,
			);
			runOnlyForDeploymentPostprocessing = 0;
		};
/* End PBXSourcesBuildPhase section */

/* Begin PBXTargetDependency section */
		762F5632185D0B3300BEAD6F /* PBXTargetDependency */ = {
			isa = PBXTargetDependency;
			target = 762F560A185D0B3200BEAD6F /* flatbutton */;
			targetProxy = 762F5631185D0B3300BEAD6F /* PBXContainerItemProxy */;
		};
/* End PBXTargetDependency section */

/* Begin PBXVariantGroup section */
		762F5617185D0B3200BEAD6F /* InfoPlist.strings */ = {
			isa = PBXVariantGroup;
			children = (
				762F5618185D0B3200BEAD6F /* en */,
			);
			name = InfoPlist.strings;
			sourceTree = "<group>";
		};
		762F5620185D0B3200BEAD6F /* Main.storyboard */ = {
			isa = PBXVariantGroup;
			children = (
				762F5621185D0B3200BEAD6F /* Base */,
			);
			name = Main.storyboard;
			sourceTree = "<group>";
		};
		762F5636185D0B3300BEAD6F /* InfoPlist.strings */ = {
			isa = PBXVariantGroup;
			children = (
				762F5637185D0B3300BEAD6F /* en */,
			);
			name = InfoPlist.strings;
			sourceTree = "<group>";
		};
/* End PBXVariantGroup section */

/* Begin XCBuildConfiguration section */
		762F563B185D0B3300BEAD6F /* Debug */ = {
			isa = XCBuildConfiguration;
			buildSettings = {
				ALWAYS_SEARCH_USER_PATHS = NO;
				CLANG_CXX_LANGUAGE_STANDARD = "gnu++0x";
				CLANG_CXX_LIBRARY = "libc++";
				CLANG_ENABLE_MODULES = YES;
				CLANG_ENABLE_OBJC_ARC = YES;
				CLANG_WARN_BOOL_CONVERSION = YES;
				CLANG_WARN_CONSTANT_CONVERSION = YES;
				CLANG_WARN_DIRECT_OBJC_ISA_USAGE = YES_ERROR;
				CLANG_WARN_EMPTY_BODY = YES;
				CLANG_WARN_ENUM_CONVERSION = YES;
				CLANG_WARN_INT_CONVERSION = YES;
				CLANG_WARN_OBJC_ROOT_CLASS = YES_ERROR;
				CLANG_WARN__DUPLICATE_METHOD_MATCH = YES;
				"CODE_SIGN_IDENTITY[sdk=iphoneos*]" = "iPhone Developer";
				COPY_PHASE_STRIP = NO;
				GCC_C_LANGUAGE_STANDARD = gnu99;
				GCC_DYNAMIC_NO_PIC = NO;
				GCC_OPTIMIZATION_LEVEL = 0;
				GCC_PREPROCESSOR_DEFINITIONS = (
					"DEBUG=1",
					"$(inherited)",
				);
				GCC_SYMBOLS_PRIVATE_EXTERN = NO;
				GCC_WARN_64_TO_32_BIT_CONVERSION = YES;
				GCC_WARN_ABOUT_RETURN_TYPE = YES_ERROR;
				GCC_WARN_UNDECLARED_SELECTOR = YES;
				GCC_WARN_UNINITIALIZED_AUTOS = YES;
				GCC_WARN_UNUSED_FUNCTION = YES;
				GCC_WARN_UNUSED_VARIABLE = YES;
				IPHONEOS_DEPLOYMENT_TARGET = 7.0;
				ONLY_ACTIVE_ARCH = YES;
				SDKROOT = iphoneos;
			};
			name = Debug;
		};
		762F563C185D0B3300BEAD6F /* Release */ = {
			isa = XCBuildConfiguration;
			buildSettings = {
				ALWAYS_SEARCH_USER_PATHS = NO;
				CLANG_CXX_LANGUAGE_STANDARD = "gnu++0x";
				CLANG_CXX_LIBRARY = "libc++";
				CLANG_ENABLE_MODULES = YES;
				CLANG_ENABLE_OBJC_ARC = YES;
				CLANG_WARN_BOOL_CONVERSION = YES;
				CLANG_WARN_CONSTANT_CONVERSION = YES;
				CLANG_WARN_DIRECT_OBJC_ISA_USAGE = YES_ERROR;
				CLANG_WARN_EMPTY_BODY = YES;
				CLANG_WARN_ENUM_CONVERSION = YES;
				CLANG_WARN_INT_CONVERSION = YES;
				CLANG_WARN_OBJC_ROOT_CLASS = YES_ERROR;
				CLANG_WARN__DUPLICATE_METHOD_MATCH = YES;
				"CODE_SIGN_IDENTITY[sdk=iphoneos*]" = "iPhone Developer";
				COPY_PHASE_STRIP = YES;
				ENABLE_NS_ASSERTIONS = NO;
				GCC_C_LANGUAGE_STANDARD = gnu99;
				GCC_WARN_64_TO_32_BIT_CONVERSION = YES;
				GCC_WARN_ABOUT_RETURN_TYPE = YES_ERROR;
				GCC_WARN_UNDECLARED_SELECTOR = YES;
				GCC_WARN_UNINITIALIZED_AUTOS = YES;
				GCC_WARN_UNUSED_FUNCTION = YES;
				GCC_WARN_UNUSED_VARIABLE = YES;
				IPHONEOS_DEPLOYMENT_TARGET = 7.0;
				SDKROOT = iphoneos;
				VALIDATE_PRODUCT = YES;
			};
			name = Release;
		};
		762F563E185D0B3300BEAD6F /* Debug */ = {
			isa = XCBuildConfiguration;
			buildSettings = {
				ASSETCATALOG_COMPILER_APPICON_NAME = AppIcon;
				ASSETCATALOG_COMPILER_LAUNCHIMAGE_NAME = LaunchImage;
				CLANG_ENABLE_MODULES = YES;
				GCC_PRECOMPILE_PREFIX_HEADER = YES;
				GCC_PREFIX_HEADER = "";
				INFOPLIST_FILE = "flatbutton/flatbutton-Info.plist";
				IPHONEOS_DEPLOYMENT_TARGET = 8.0;
				LD_RUNPATH_SEARCH_PATHS = "$(inherited) @executable_path/Frameworks";
				PRODUCT_NAME = "$(TARGET_NAME)";
				SWIFT_OBJC_BRIDGING_HEADER = "flatbutton/flatbutton-Bridging-Header.h";
				SWIFT_OPTIMIZATION_LEVEL = "-Onone";
				WRAPPER_EXTENSION = app;
			};
			name = Debug;
		};
		762F563F185D0B3300BEAD6F /* Release */ = {
			isa = XCBuildConfiguration;
			buildSettings = {
				ASSETCATALOG_COMPILER_APPICON_NAME = AppIcon;
				ASSETCATALOG_COMPILER_LAUNCHIMAGE_NAME = LaunchImage;
				CLANG_ENABLE_MODULES = YES;
				GCC_PRECOMPILE_PREFIX_HEADER = YES;
				GCC_PREFIX_HEADER = "";
				INFOPLIST_FILE = "flatbutton/flatbutton-Info.plist";
				IPHONEOS_DEPLOYMENT_TARGET = 8.0;
				LD_RUNPATH_SEARCH_PATHS = "$(inherited) @executable_path/Frameworks";
				PRODUCT_NAME = "$(TARGET_NAME)";
				SWIFT_OBJC_BRIDGING_HEADER = "flatbutton/flatbutton-Bridging-Header.h";
				WRAPPER_EXTENSION = app;
			};
			name = Release;
		};
		762F5641185D0B3300BEAD6F /* Debug */ = {
			isa = XCBuildConfiguration;
			buildSettings = {
				BUNDLE_LOADER = "$(BUILT_PRODUCTS_DIR)/flatbutton.app/flatbutton";
				FRAMEWORK_SEARCH_PATHS = (
					"$(SDKROOT)/Developer/Library/Frameworks",
					"$(inherited)",
					"$(DEVELOPER_FRAMEWORKS_DIR)",
				);
				GCC_PRECOMPILE_PREFIX_HEADER = YES;
				GCC_PREFIX_HEADER = "flatbutton/flatbutton-Prefix.pch";
				GCC_PREPROCESSOR_DEFINITIONS = (
					"DEBUG=1",
					"$(inherited)",
				);
				INFOPLIST_FILE = "flatbuttonTests/flatbuttonTests-Info.plist";
				PRODUCT_NAME = "$(TARGET_NAME)";
				TEST_HOST = "$(BUNDLE_LOADER)";
				WRAPPER_EXTENSION = xctest;
			};
			name = Debug;
		};
		762F5642185D0B3300BEAD6F /* Release */ = {
			isa = XCBuildConfiguration;
			buildSettings = {
				BUNDLE_LOADER = "$(BUILT_PRODUCTS_DIR)/flatbutton.app/flatbutton";
				FRAMEWORK_SEARCH_PATHS = (
					"$(SDKROOT)/Developer/Library/Frameworks",
					"$(inherited)",
					"$(DEVELOPER_FRAMEWORKS_DIR)",
				);
				GCC_PRECOMPILE_PREFIX_HEADER = YES;
				GCC_PREFIX_HEADER = "flatbutton/flatbutton-Prefix.pch";
				INFOPLIST_FILE = "flatbuttonTests/flatbuttonTests-Info.plist";
				PRODUCT_NAME = "$(TARGET_NAME)";
				TEST_HOST = "$(BUNDLE_LOADER)";
				WRAPPER_EXTENSION = xctest;
			};
			name = Release;
		};
/* End XCBuildConfiguration section */

/* Begin XCConfigurationList section */
		762F5606185D0B3200BEAD6F /* Build configuration list for PBXProject "flatbutton" */ = {
			isa = XCConfigurationList;
			buildConfigurations = (
				762F563B185D0B3300BEAD6F /* Debug */,
				762F563C185D0B3300BEAD6F /* Release */,
			);
			defaultConfigurationIsVisible = 0;
			defaultConfigurationName = Release;
		};
		762F563D185D0B3300BEAD6F /* Build configuration list for PBXNativeTarget "flatbutton" */ = {
			isa = XCConfigurationList;
			buildConfigurations = (
				762F563E185D0B3300BEAD6F /* Debug */,
				762F563F185D0B3300BEAD6F /* Release */,
			);
			defaultConfigurationIsVisible = 0;
			defaultConfigurationName = Release;
		};
		762F5640185D0B3300BEAD6F /* Build configuration list for PBXNativeTarget "flatbuttonTests" */ = {
			isa = XCConfigurationList;
			buildConfigurations = (
				762F5641185D0B3300BEAD6F /* Debug */,
				762F5642185D0B3300BEAD6F /* Release */,
			);
			defaultConfigurationIsVisible = 0;
			defaultConfigurationName = Release;
		};
/* End XCConfigurationList section */
	};
	rootObject = 762F5603185D0B3200BEAD6F /* Project object */;
}
